{
    "_readme": [
        "This file locks the dependencies of your project to a known state",
        "Read more about it at http://getcomposer.org/doc/01-basic-usage.md#composer-lock-the-lock-file",
        "This file is @generated automatically"
    ],
    "hash": "f737b5f2d441a70fec8971078df55648",
    "packages": [
        {
            "name": "follower/core",
            "version": "dev-master",
            "source": {
                "type": "git",
                "url": "https://github.com/follower90/framework-core.git",
                "reference": "72a8ed8342f31eba21689cf5391fb48795383864"
            },
            "dist": {
                "type": "zip",
                "url": "https://api.github.com/repos/follower90/framework-core/zipball/72a8ed8342f31eba21689cf5391fb48795383864",
                "reference": "72a8ed8342f31eba21689cf5391fb48795383864",
                "shasum": ""
            },
            "require": {
                "php": ">=5.3.0"
            },
            "type": "library",
            "autoload": {
                "psr-4": {
                    "Сore\\": "src/"
                }
            },
            "notification-url": "https://packagist.org/downloads/",
            "authors": [
                {
                    "name": "follower",
                    "email": "vitfollower@gmail.com"
                }
            ],
            "description": "Core of my framework",
            "time": "2015-05-01 14:05:44"
        }
    ],
    "packages-dev": [],
    "aliases": [],
    "minimum-stability": "stable",
    "stability-flags": {
        "follower/core": 20
    },
    "prefer-stable": false,
    "prefer-lowest": false,
    "platform": [],
    "platform-dev": []
}
